
Microsoft Visual Studio Solution File, Format Version 12.00
# Visual Studio Version 16
VisualStudioVersion = 16.0.31402.337
MinimumVisualStudioVersion = 10.0.40219.1
Project("{FAE04EC0-301F-11D3-BF4B-00C04F79EFBC}") = "Banco_Comercial_IBM", "Banco_Comercial_IBM.csproj", "{6924A7DE-EF83-4953-A3BF-793133B1A6AB}"
EndProject
Global
	GlobalSection(SolutionConfigurationPlatforms) = preSolution
		Debug|Any CPU = Debug|Any CPU
		Release|Any CPU = Release|Any CPU
	EndGlobalSection
	GlobalSection(ProjectConfigurationPlatforms) = postSolution
		{6924A7DE-EF83-4953-A3BF-793133B1A6AB}.Debug|Any CPU.ActiveCfg = Debug|Any CPU
		{6924A7DE-EF83-4953-A3BF-793133B1A6AB}.Debug|Any CPU.Build.0 = Debug|Any CPU
		{6924A7DE-EF83-4953-A3BF-793133B1A6AB}.Release|Any CPU.ActiveCfg = Release|Any CPU
		{6924A7DE-EF83-4953-A3BF-793133B1A6AB}.Release|Any CPU.Build.0 = Release|Any CPU
	EndGlobalSection
	GlobalSection(SolutionProperties) = preSolution
		HideSolutionNode = FALSE
	EndGlobalSection
	GlobalSection(ExtensibilityGlobals) = postSolution
		SolutionGuid = {579120CB-DD2C-42CD-9DCA-895852126059}
	EndGlobalSection
EndGlobal
